<?xml version="1.0" encoding="utf-8"?>
<Project ToolsVersion="4.0" xmlns="http://schemas.microsoft.com/developer/msbuild/2003">
  <ItemGroup>
    <Filter Include="Source Files">
      <UniqueIdentifier>{4FC737F1-C7A5-4376-A066-2A32D752A2FF}</UniqueIdentifier>
      <Extensions>cpp;c;cc;cxx;c++;cppm;ixx;def;odl;idl;hpj;bat;asm;asmx</Extensions>
    </Filter>
    <Filter Include="Header Files">
      <UniqueIdentifier>{93995380-89BD-4b04-88EB-625FBE52EBFB}</UniqueIdentifier>
      <Extensions>h;hh;hpp;hxx;h++;hm;inl;inc;ipp;xsd</Extensions>
    </Filter>
    <Filter Include="Resource Files">
      <UniqueIdentifier>{67DA6AB6-F800-4c08-8B7A-83BB121AAD01}</UniqueIdentifier>
      <Extensions>rc;ico;cur;bmp;dlg;rc2;rct;bin;rgs;gif;jpg;jpeg;jpe;resx;tiff;tif;png;wav;mfcribbon-ms</Extensions>
    </Filter>
    <Filter Include="Resource Files\assets">
      <UniqueIdentifier>{117668ff-72e6-46dc-ae55-b9af9998e051}</UniqueIdentifier>
    </Filter>
    <Filter Include="Resource Files\assets\sounds">
      <UniqueIdentifier>{473e1a0a-852b-4ec3-b0c2-85bf2f14ae46}</UniqueIdentifier>
    </Filter>
    <Filter Include="Header Files\Objects">
      <UniqueIdentifier>{7c43d9fa-ee1c-4a46-9649-1dea104cb64f}</UniqueIdentifier>
    </Filter>
    <Filter Include="Header Files\Objects\Entities">
      <UniqueIdentifier>{6bef883e-23fe-4cac-88fa-ffee17240340}</UniqueIdentifier>
    </Filter>
    <Filter Include="Source Files\Objects">
      <UniqueIdentifier>{7c90dba6-370e-417f-9afa-c43702bedb85}</UniqueIdentifier>
    </Filter>
    <Filter Include="Source Files\Objects\Entities">
      <UniqueIdentifier>{c9f15c2f-f05b-467d-9495-1346337c3a27}</UniqueIdentifier>
    </Filter>
    <Filter Include="Header Files\Draws">
      <UniqueIdentifier>{2d619541-961d-404d-9ea7-67f71a07e8d2}</UniqueIdentifier>
    </Filter>
    <Filter Include="Source Files\Draws">
      <UniqueIdentifier>{94cb9061-6ccd-42d9-8dae-9713b6159f9e}</UniqueIdentifier>
    </Filter>
    <Filter Include="Header Files\Resources">
      <UniqueIdentifier>{7d9f4489-e6ac-499e-9add-52e99e7fdc3b}</UniqueIdentifier>
    </Filter>
    <Filter Include="Source Files\Resources">
      <UniqueIdentifier>{2bf4657a-73e0-4f9c-9223-6bb299abba18}</UniqueIdentifier>
    </Filter>
    <Filter Include="Resource Files\assets\sprites">
      <UniqueIdentifier>{0d5e3e19-bee2-418f-888e-3a6c0febb779}</UniqueIdentifier>
    </Filter>
    <Filter Include="Header Files\Objects\Entities\Enemies">
      <UniqueIdentifier>{c180881f-b11b-472b-8c06-e16b5d3404aa}</UniqueIdentifier>
    </Filter>
    <Filter Include="Source Files\Objects\Entities\Enemies">
      <UniqueIdentifier>{739e7a61-889c-46bd-9012-07e7cd08c7b7}</UniqueIdentifier>
    </Filter>
    <Filter Include="Header Files\Objects\Entities\Bullets">
      <UniqueIdentifier>{0fde95b6-12c9-4426-9635-01a5d563540e}</UniqueIdentifier>
    </Filter>
    <Filter Include="Source Files\Objects\Entities\Bullets">
      <UniqueIdentifier>{c49fc92c-b500-4ce3-a538-aaf11e40d4dc}</UniqueIdentifier>
    </Filter>
    <Filter Include="Source Files\Objects\Events">
      <UniqueIdentifier>{6e4d4481-deea-4812-bd48-b0bf56b06ae9}</UniqueIdentifier>
    </Filter>
    <Filter Include="Header Files\Objects\Events">
      <UniqueIdentifier>{bd0b5078-a0a5-4086-9cdc-c5efe9ed61aa}</UniqueIdentifier>
    </Filter>
    <Filter Include="Header Files\Game">
      <UniqueIdentifier>{2459b2bd-8ba6-47e3-90c0-546efc962404}</UniqueIdentifier>
    </Filter>
    <Filter Include="Source Files\Game">
      <UniqueIdentifier>{b648257b-1fed-4b6a-b06c-e85924303dba}</UniqueIdentifier>
    </Filter>
  </ItemGroup>
  <ItemGroup>
    <ClCompile Include="main.cpp">
      <Filter>Source Files</Filter>
    </ClCompile>
    <ClCompile Include="Physics.cpp">
      <Filter>Source Files</Filter>
    </ClCompile>
    <ClCompile Include="Entity.cpp">
      <Filter>Source Files\Objects\Entities</Filter>
    </ClCompile>
    <ClCompile Include="Player.cpp">
      <Filter>Source Files\Objects\Entities</Filter>
    </ClCompile>
    <ClCompile Include="Bar.cpp">
      <Filter>Source Files\Draws</Filter>
    </ClCompile>
    <ClCompile Include="SpriteData.cpp">
      <Filter>Source Files\Resources</Filter>
    </ClCompile>
    <ClCompile Include="FileMenager.cpp">
      <Filter>Source Files\Resources</Filter>
    </ClCompile>
    <ClCompile Include="SoundData.cpp">
      <Filter>Source Files\Resources</Filter>
    </ClCompile>
    <ClCompile Include="Explosion.cpp">
      <Filter>Source Files\Objects\Entities</Filter>
    </ClCompile>
    <ClCompile Include="DashBar.cpp">
      <Filter>Source Files\Draws</Filter>
    </ClCompile>
    <ClCompile Include="Asteroid.cpp">
      <Filter>Source Files\Objects\Entities\Enemies</Filter>
    </ClCompile>
    <ClCompile Include="MultiAsteroid.cpp">
      <Filter>Source Files\Objects\Entities\Enemies</Filter>
    </ClCompile>
    <ClCompile Include="SingleAsteroid.cpp">
      <Filter>Source Files\Objects\Entities\Enemies</Filter>
    </ClCompile>
    <ClCompile Include="Pickup.cpp">
      <Filter>Source Files\Objects\Entities</Filter>
    </ClCompile>
    <ClCompile Include="SingleBullet.cpp">
      <Filter>Source Files\Objects\Entities\Bullets</Filter>
    </ClCompile>
    <ClCompile Include="Bullet.cpp">
      <Filter>Source Files\Objects\Entities\Bullets</Filter>
    </ClCompile>
    <ClCompile Include="PlayerHealthUI.cpp">
      <Filter>Source Files\Draws</Filter>
    </ClCompile>
    <ClCompile Include="Wind.cpp">
      <Filter>Source Files\Objects\Events</Filter>
    </ClCompile>
    <ClCompile Include="Particle.cpp">
      <Filter>Source Files\Objects\Entities</Filter>
    </ClCompile>
    <ClCompile Include="Effect.cpp">
      <Filter>Source Files\Objects\Events</Filter>
    </ClCompile>
    <ClCompile Include="TextField.cpp">
      <Filter>Source Files\Draws</Filter>
    </ClCompile>
    <ClCompile Include="WindowBox.h">
      <Filter>Header Files\Game</Filter>
    </ClCompile>
    <ClCompile Include="Game.cpp">
      <Filter>Source Files\Game</Filter>
    </ClCompile>
    <ClCompile Include="GameOver.cpp">
      <Filter>Source Files\Game</Filter>
    </ClCompile>
    <ClCompile Include="WindowBox.cpp">
      <Filter>Source Files\Game</Filter>
    </ClCompile>
    <ClCompile Include="Menu.cpp">
      <Filter>Source Files\Game</Filter>
    </ClCompile>
    <ClCompile Include="Score.cpp">
      <Filter>Source Files\Draws</Filter>
    </ClCompile>
  </ItemGroup>
  <ItemGroup>
    <ClInclude Include="Physics.h">
      <Filter>Header Files</Filter>
    </ClInclude>
    <ClInclude Include="Entity.h">
      <Filter>Header Files\Objects\Entities</Filter>
    </ClInclude>
    <ClInclude Include="Bar.h">
      <Filter>Header Files\Draws</Filter>
    </ClInclude>
    <ClInclude Include="FileMenager.h">
      <Filter>Header Files\Resources</Filter>
    </ClInclude>
    <ClInclude Include="SoundData.h">
      <Filter>Header Files\Resources</Filter>
    </ClInclude>
    <ClInclude Include="SpriteData.h">
      <Filter>Header Files\Resources</Filter>
    </ClInclude>
    <ClInclude Include="Explosion.h">
      <Filter>Header Files\Objects\Entities</Filter>
    </ClInclude>
    <ClInclude Include="DashBar.h">
      <Filter>Header Files\Draws</Filter>
    </ClInclude>
    <ClInclude Include="Asteroid.h">
      <Filter>Header Files\Objects\Entities\Enemies</Filter>
    </ClInclude>
    <ClInclude Include="MultiAsteroid.h">
      <Filter>Header Files\Objects\Entities\Enemies</Filter>
    </ClInclude>
    <ClInclude Include="SingleAsteroid.h">
      <Filter>Header Files\Objects\Entities\Enemies</Filter>
    </ClInclude>
    <ClInclude Include="Pickup.h">
      <Filter>Header Files\Objects\Entities</Filter>
    </ClInclude>
    <ClInclude Include="Bullet.h">
      <Filter>Header Files\Objects\Entities\Bullets</Filter>
    </ClInclude>
    <ClInclude Include="SingleBullet.h">
      <Filter>Header Files\Objects\Entities\Bullets</Filter>
    </ClInclude>
    <ClInclude Include="Player.h">
      <Filter>Header Files\Objects\Entities</Filter>
    </ClInclude>
    <ClInclude Include="PlayerHealthUI.h">
      <Filter>Header Files\Draws</Filter>
    </ClInclude>
    <ClInclude Include="Particle.h">
      <Filter>Header Files\Objects\Entities</Filter>
    </ClInclude>
    <ClInclude Include="Wind.h">
      <Filter>Header Files\Objects\Events</Filter>
    </ClInclude>
    <ClInclude Include="Effect.h">
      <Filter>Header Files\Objects\Events</Filter>
    </ClInclude>
    <ClInclude Include="TextField.h">
      <Filter>Header Files\Draws</Filter>
    </ClInclude>
    <ClInclude Include="Game.h">
      <Filter>Header Files\Game</Filter>
    </ClInclude>
    <ClInclude Include="GameOver.h">
      <Filter>Header Files\Game</Filter>
    </ClInclude>
    <ClInclude Include="Menu.h">
      <Filter>Header Files\Game</Filter>
    </ClInclude>
    <ClInclude Include="Score.h">
      <Filter>Header Files\Draws</Filter>
    </ClInclude>
  </ItemGroup>
  <ItemGroup>
    <Text Include="config.txt">
      <Filter>Resource Files</Filter>
    </Text>
  </ItemGroup>
  <ItemGroup>
    <Image Include="assets\asteroid.png">
      <Filter>Resource Files\assets\sprites</Filter>
    </Image>
    <Image Include="assets\bullet.png">
      <Filter>Resource Files\assets\sprites</Filter>
    </Image>
    <Image Include="assets\ship.png">
      <Filter>Resource Files\assets\sprites</Filter>
    </Image>
    <Image Include="assets\sprites\explosion.png">
      <Filter>Resource Files\assets\sprites</Filter>
    </Image>
  </ItemGroup>
  <ItemGroup>
    <Font Include="assets\font.ttf">
      <Filter>Resource Files\assets</Filter>
    </Font>
  </ItemGroup>
  <ItemGroup>
    <Media Include="assets\explosion.wav">
      <Filter>Resource Files\assets\sounds</Filter>
    </Media>
    <Media Include="assets\sounds\laserShoot.wav">
      <Filter>Resource Files\assets\sounds</Filter>
    </Media>
  </ItemGroup>
  <ItemGroup>
    <None Include="assets\sprites\sprites_data.json">
      <Filter>Resource Files\assets\sprites</Filter>
    </None>
    <None Include="ClassDiagram.cd" />
  </ItemGroup>
</Project>